{
  "name": "kennissessie",
  "version": "1.0.0",
  "lockfileVersion": 2,
  "requires": true,
  "packages": {
    "": {
      "name": "kennissessie",
      "version": "1.0.0",
      "license": "ISC",
      "dependencies": {
        "rxjs": "^7.3.0"
      }
    },
    "node_modules/rxjs": {
      "version": "7.3.0",
      "resolved": "https://digitalisering.jfrog.io/artifactory/api/npm/npm-virtual/rxjs/-/rxjs-7.3.0.tgz",
      "integrity": "sha1-Of5PNGHcHlC+FHWyuFoKiMHpOMY=",
      "license": "Apache-2.0",
      "dependencies": {
        "tslib": "~2.1.0"
      }
    },
    "node_modules/tslib": {
      "version": "2.1.0",
      "resolved": "https://digitalisering.jfrog.io/artifactory/api/npm/npm-virtual/tslib/-/tslib-2.1.0.tgz",
      "integrity": "sha1-2mCGDxwuyqVwOrfTm8Bba/mIuXo=",
      "license": "0BSD"
    }
  },
  "dependencies": {
    "rxjs": {
      "version": "7.3.0",
      "resolved": "https://digitalisering.jfrog.io/artifactory/api/npm/npm-virtual/rxjs/-/rxjs-7.3.0.tgz",
      "integrity": "sha1-Of5PNGHcHlC+FHWyuFoKiMHpOMY=",
      "requires": {
        "tslib": "~2.1.0"
      }
    },
    "tslib": {
      "version": "2.1.0",
      "resolved": "https://digitalisering.jfrog.io/artifactory/api/npm/npm-virtual/tslib/-/tslib-2.1.0.tgz",
      "integrity": "sha1-2mCGDxwuyqVwOrfTm8Bba/mIuXo="
    }
  }
}
